#MicroXplorer Configuration settings - do not modify
Mcu.Family=STM32F4
PD7.Mode=NorPsramChipSelect1_1
ProjectManager.MainLocation=Core/Src
PD12.GPIO_Label=PULSE_WRITE
USB_DEVICE.CLASS_NAME_FS=CDC
PH0-OSC_IN.Signal=RCC_OSC_IN
VP_SYS_VS_tim6.Mode=TIM6
RCC.CortexFreq_Value=168000000
ProjectManager.KeepUserCode=true
Mcu.UserName=STM32F407VGTx
NVIC.TIM6_DAC_IRQn=true\:0\:0\:false\:false\:true\:false\:false\:true
RCC.PLLCLKFreq_Value=168000000
RCC.PLLQCLKFreq_Value=48000000
PD3.GPIOParameters=GPIO_Label
ProjectManager.functionlistsort=1-SystemClock_Config-RCC-false-HAL-false,2-MX_GPIO_Init-GPIO-false-HAL-true,3-MX_DMA_Init-DMA-false-HAL-true,4-MX_UART4_Init-UART4-false-HAL-true,5-MX_USB_DEVICE_Init-USB_DEVICE-false-HAL-false,6-MX_FSMC_Init-FSMC-false-HAL-true,7-MX_TIM7_Init-TIM7-false-HAL-true,8-MX_TIM2_Init-TIM2-false-HAL-true
PA9.GPIOParameters=GPIO_Label
PA11.Mode=Device_Only
RCC.RTCFreq_Value=32000
PD6.Locked=true
USB_DEVICE.VirtualMode-CDC_FS=Cdc
PD2.Locked=true
PD2.GPIOParameters=GPIO_PuPd,GPIO_Label
PB11.Signal=GPIO_Output
NVIC.DMA1_Stream4_IRQn=true\:5\:0\:false\:false\:true\:true\:false\:true
PD6.GPIO_Label=STOP
PD9.Mode=16b-da1
PinOutPanel.RotationAngle=0
RCC.SYSCLKSource=RCC_SYSCLKSOURCE_PLLCLK
ProjectManager.StackSize=0x400
VP_TIM7_VS_ClockSourceINT.Mode=Enable_Timer
PD13.Signal=GPIO_Input
Mcu.IP4=RCC
RCC.FCLKCortexFreq_Value=168000000
Mcu.IP5=SYS
PD13.Locked=true
Mcu.IP2=FSMC
NVIC.SVCall_IRQn=true\:0\:0\:false\:false\:false\:false\:false\:false
Mcu.IP3=NVIC
PB4.GPIOParameters=GPIO_Label
Mcu.IP0=DMA
Mcu.IP1=FREERTOS
PA12.Signal=USB_OTG_FS_DP
PE11.Mode=16b-da1
Mcu.UserConstants=
Dma.UART4_TX.0.Direction=DMA_MEMORY_TO_PERIPH
Dma.UART4_TX.0.MemDataAlignment=DMA_MDATAALIGN_BYTE
Mcu.ThirdPartyNb=0
PD11.GPIO_Label=ENCODER_RESET
RCC.HCLKFreq_Value=168000000
Mcu.IPNb=11
RCC.I2SClocksFreq_Value=96000000
TIM2.IPParameters=Period,Prescaler
ProjectManager.PreviousToolchain=
PD4.Signal=FSMC_NOE
RCC.APB2TimFreq_Value=168000000
RCC.VcooutputI2S=96000000
PD10.Mode=16b-da1
PA8.GPIOParameters=GPIO_Label
Mcu.Pin6=PE9
PD0.Signal=FSMC_DA2
TIM7.Period=9999
Mcu.Pin7=PE10
PD8.Signal=FSMC_DA13
VP_TIM2_VS_ClockSourceINT.Signal=TIM2_VS_ClockSourceINT
Mcu.Pin8=PE11
Mcu.Pin9=PE12
FREERTOS.IPParameters=Tasks01,FootprintOK,Mutexes01,configMINIMAL_STACK_SIZE
FREERTOS.configMINIMAL_STACK_SIZE=256
RCC.AHBFreq_Value=168000000
PH0-OSC_IN.Mode=HSE-External-Oscillator
Mcu.Pin0=PH0-OSC_IN
Mcu.Pin1=PH1-OSC_OUT
PD5.Mode=MuxedNorFlash1
GPIO.groupedBy=Group By Peripherals
Mcu.Pin2=PA0-WKUP
Mcu.Pin3=PA1
Mcu.Pin4=PE7
Mcu.Pin5=PE8
ProjectManager.ProjectBuild=false
RCC.HSE_VALUE=8000000
NVIC.UsageFault_IRQn=true\:0\:0\:false\:false\:true\:false\:false\:false
NVIC.DebugMonitor_IRQn=true\:0\:0\:false\:false\:true\:false\:false\:false
PA8.Locked=true
Mcu.IP10=USB_OTG_FS
NVIC.SysTick_IRQn=true\:15\:0\:false\:false\:false\:true\:false\:true
ProjectManager.FirmwarePackage=STM32Cube FW_F4 V1.26.1
MxDb.Version=DB.6.0.21
SH.FSMC_NL.0=FSMC_NL,AddressValid1
VP_TIM7_VS_ClockSourceINT.Signal=TIM7_VS_ClockSourceINT
PE13.Signal=FSMC_DA10
ProjectManager.BackupPrevious=false
RCC.VCOInputFreq_Value=1000000
PE9.Signal=FSMC_DA6
PA14.Mode=Serial_Wire
PD14.Mode=16b-da1
File.Version=6
PA10.GPIO_Label=STEP_ENABLE
PB7.Signal=FSMC_NL
PA8.Signal=GPIO_Output
PE13.Mode=16b-da1
NVIC.PendSV_IRQn=true\:15\:0\:false\:false\:false\:true\:false\:false
VP_FREERTOS_VS_CMSIS_V1.Mode=CMSIS_V1
Dma.UART4_TX.0.RequestParameters=Instance,Direction,PeriphInc,MemInc,PeriphDataAlignment,MemDataAlignment,Mode,Priority,FIFOMode
PE10.Signal=FSMC_DA7
Dma.RequestsNb=1
ProjectManager.HalAssertFull=false
ProjectManager.ProjectName=DMA_UART
PD15.Mode=16b-da1
PH1-OSC_OUT.Mode=HSE-External-Oscillator
RCC.MCO2PinFreq_Value=168000000
PD13.GPIO_Label=CPLD_LIMIT
Mcu.Package=LQFP100
TIM2.Prescaler=25000
NVIC.TimeBase=TIM6_DAC_IRQn
FSMC.IPParameters=WriteOperation1
PD11.Locked=true
PD12.Signal=GPIO_Output
NVIC.OTG_FS_IRQn=true\:5\:0\:true\:false\:true\:true\:false\:true
ProjectManager.ToolChainLocation=
RCC.LSI_VALUE=32000
NVIC.TimeBaseIP=TIM6
PA10.Signal=GPIO_Output
FREERTOS.FootprintOK=true
USB_OTG_FS.VirtualMode=Device_Only
PE9.Mode=16b-da1
VP_USB_DEVICE_VS_USB_DEVICE_CDC_FS.Signal=USB_DEVICE_VS_USB_DEVICE_CDC_FS
RCC.APB2CLKDivider=RCC_HCLK_DIV2
PD4.Mode=MuxedNorFlash1
RCC.APB1TimFreq_Value=84000000
NVIC.BusFault_IRQn=true\:0\:0\:false\:false\:true\:false\:false\:false
PD3.GPIO_Label=CAPTURE_ENABLE
USB_OTG_FS.IPParameters=VirtualMode
PB10.GPIOParameters=GPIO_Label
PE7.Signal=FSMC_DA4
PD6.Signal=GPIO_Output
Dma.Request0=UART4_TX
PD15.Signal=FSMC_DA1
NVIC.TIM7_IRQn=true\:5\:0\:false\:false\:true\:true\:true\:true
ProjectManager.CustomerFirmwarePackage=
PB4.Signal=GPIO_Output
NVIC.UART4_IRQn=true\:5\:0\:false\:false\:true\:true\:true\:true
PE12.Mode=16b-da1
SH.FSMC_NL.ConfNb=1
PD6.GPIOParameters=GPIO_Label
ProjectManager.ProjectFileName=DMA_UART.ioc
PD12.GPIO_Speed=GPIO_SPEED_FREQ_VERY_HIGH
FREERTOS.Tasks01=defaultTask,2,2060,StartDefaultTask,Default,NULL,Dynamic,NULL,NULL;USB_RX_Check_,0,1024,Start_USB_RX_Task,Default,NULL,Dynamic,NULL,NULL
UART4.IPParameters=VirtualMode
Mcu.PinsNb=45
FSMC.WriteOperation1=FSMC_WRITE_OPERATION_ENABLE
PD2.GPIO_PuPd=GPIO_PULLUP
ProjectManager.NoMain=false
USB_DEVICE.VirtualModeFS=Cdc_FS
Dma.UART4_TX.0.PeriphDataAlignment=DMA_PDATAALIGN_BYTE
NVIC.SavedSvcallIrqHandlerGenerated=true
PA9.GPIO_Label=STEP_RESET
PD3.Signal=GPIO_Output
PE10.Mode=16b-da1
PB11.GPIO_Label=OUTPUT_2
PD13.GPIOParameters=GPIO_PuPd,GPIO_Label
PD7.Signal=FSMC_NE1
PD1.Signal=FSMC_DA3
ProjectManager.DefaultFWLocation=true
PD9.Signal=FSMC_DA14
PD5.Signal=FSMC_NWE
ProjectManager.DeletePrevious=true
RCC.APB1CLKDivider=RCC_HCLK_DIV4
UART4.VirtualMode=Asynchronous
PB10.Locked=true
USB_DEVICE.IPParameters=VirtualMode-CDC_FS,VirtualModeFS,CLASS_NAME_FS
RCC.FamilyName=M
PA0-WKUP.Signal=UART4_TX
PD12.Locked=true
PE8.Mode=16b-da1
PA0-WKUP.Mode=Asynchronous
PD10.Signal=FSMC_DA15
PA13.Signal=SYS_JTMS-SWDIO
VP_FREERTOS_VS_CMSIS_V1.Signal=FREERTOS_VS_CMSIS_V1
PA8.GPIO_Label=STEP_SLEEP
PD12.GPIOParameters=GPIO_Speed,GPIO_Label
ProjectManager.TargetToolchain=STM32CubeIDE
PB10.GPIO_Label=OUTPUT_1
PD11.GPIO_Speed=GPIO_SPEED_FREQ_LOW
VP_USB_DEVICE_VS_USB_DEVICE_CDC_FS.Mode=CDC_FS
PA9.Signal=GPIO_Output
PB11.GPIOParameters=GPIO_Label
ProjectManager.RegisterCallBack=
Dma.UART4_TX.0.PeriphInc=DMA_PINC_DISABLE
PE11.Signal=FSMC_DA8
RCC.LSE_VALUE=32768
PD8.Mode=16b-da1
PD3.Locked=true
PA1.Signal=UART4_RX
PB10.Signal=GPIO_Output
RCC.VCOI2SOutputFreq_Value=192000000
Mcu.Pin40=VP_FREERTOS_VS_CMSIS_V1
Mcu.Pin41=VP_SYS_VS_tim6
Dma.UART4_TX.0.Priority=DMA_PRIORITY_LOW
Mcu.Pin44=VP_USB_DEVICE_VS_USB_DEVICE_CDC_FS
Mcu.Pin42=VP_TIM2_VS_ClockSourceINT
TIM7.Prescaler=83
board=custom
Mcu.Pin43=VP_TIM7_VS_ClockSourceINT
RCC.VCOOutputFreq_Value=336000000
ProjectManager.LastFirmware=true
Dma.UART4_TX.0.FIFOMode=DMA_FIFOMODE_DISABLE
PD1.Mode=16b-da1
PD11.GPIOParameters=GPIO_Speed,GPIO_Label
VP_SYS_VS_tim6.Signal=SYS_VS_tim6
NVIC.SavedSystickIrqHandlerGenerated=true
RCC.APB2Freq_Value=84000000
PE14.Signal=FSMC_DA11
PA1.Mode=Asynchronous
PE15.Signal=FSMC_DA12
TIM7.IPParameters=Prescaler,Period
MxCube.Version=6.2.1
Mcu.Pin37=PD7
PB4.GPIO_Label=USB_SIGN
Mcu.Pin38=PB4
Mcu.Pin35=PD5
VP_TIM2_VS_ClockSourceINT.Mode=Internal
PE8.Signal=FSMC_DA5
Mcu.Pin36=PD6
Mcu.Pin39=PB7
PE14.Mode=16b-da1
Dma.UART4_TX.0.Mode=DMA_NORMAL
Mcu.Pin30=PD0
PA10.GPIOParameters=GPIO_Label
RCC.EthernetFreq_Value=168000000
Mcu.Pin33=PD3
PH1-OSC_OUT.Signal=RCC_OSC_OUT
Mcu.Pin34=PD4
Mcu.Pin31=PD1
PD13.GPIO_PuPd=GPIO_PULLUP
Mcu.Pin32=PD2
PA9.Locked=true
NVIC.NonMaskableInt_IRQn=true\:0\:0\:false\:false\:true\:false\:false\:false
TIM2.Period=0xffff
PA13.Mode=Serial_Wire
ProjectManager.FreePins=false
RCC.IPParameters=48MHZClocksFreq_Value,AHBFreq_Value,APB1CLKDivider,APB1Freq_Value,APB1TimFreq_Value,APB2CLKDivider,APB2Freq_Value,APB2TimFreq_Value,CortexFreq_Value,EthernetFreq_Value,FCLKCortexFreq_Value,FamilyName,HCLKFreq_Value,HSE_VALUE,HSI_VALUE,I2SClocksFreq_Value,LSE_VALUE,LSI_VALUE,MCO2PinFreq_Value,PLLCLKFreq_Value,PLLM,PLLN,PLLQ,PLLQCLKFreq_Value,RTCFreq_Value,RTCHSEDivFreq_Value,SYSCLKFreq_VALUE,SYSCLKSource,VCOI2SOutputFreq_Value,VCOInputFreq_Value,VCOOutputFreq_Value,VcooutputI2S
ProjectManager.AskForMigrate=true
Mcu.Name=STM32F407V(E-G)Tx
PD0.Mode=16b-da1
PE12.Signal=FSMC_DA9
Mcu.Pin26=PA11
Mcu.Pin27=PA12
NVIC.SavedPendsvIrqHandlerGenerated=true
RCC.RTCHSEDivFreq_Value=4000000
Mcu.Pin24=PA9
ProjectManager.UnderRoot=true
Mcu.Pin25=PA10
Mcu.IP8=UART4
Mcu.IP9=USB_DEVICE
PD14.Signal=FSMC_DA0
Mcu.Pin28=PA13
Mcu.IP6=TIM2
Mcu.Pin29=PA14
Mcu.IP7=TIM7
ProjectManager.CoupleFile=true
PB4.Locked=true
RCC.48MHZClocksFreq_Value=48000000
RCC.SYSCLKFreq_VALUE=168000000
PE7.Mode=16b-da1
Mcu.Pin22=PD15
Mcu.Pin23=PA8
Mcu.Pin20=PD13
Mcu.Pin21=PD14
PA12.Mode=Device_Only
PA10.Locked=true
NVIC.ForceEnableDMAVector=true
KeepUserPlacement=false
PD11.Signal=GPIO_Output
Dma.UART4_TX.0.MemInc=DMA_MINC_ENABLE
NVIC.MemoryManagement_IRQn=true\:0\:0\:false\:false\:true\:false\:false\:false
ProjectManager.CompilerOptimize=6
PA11.Signal=USB_OTG_FS_DM
PA14.Signal=SYS_JTCK-SWCLK
ProjectManager.HeapSize=0x5fc0
Mcu.Pin15=PD8
NVIC.HardFault_IRQn=true\:0\:0\:false\:false\:true\:false\:false\:false
Mcu.Pin16=PD9
Mcu.Pin13=PB10
Mcu.Pin14=PB11
Mcu.Pin19=PD12
ProjectManager.ComputerToolchain=false
Mcu.Pin17=PD10
RCC.HSI_VALUE=16000000
Mcu.Pin18=PD11
FREERTOS.Mutexes01=usbTxMutex,Dynamic,NULL
RCC.PLLQ=7
NVIC.PriorityGroup=NVIC_PRIORITYGROUP_4
Mcu.Pin11=PE14
Mcu.Pin12=PE15
RCC.PLLM=8
RCC.PLLN=336
Mcu.Pin10=PE13
PD2.Signal=GPIO_Input
RCC.APB1Freq_Value=42000000
PB11.Locked=true
ProjectManager.DeviceId=STM32F407VGTx
PD2.GPIO_Label=CPLD_BUSY
ProjectManager.LibraryCopy=1
PE15.Mode=16b-da1
Dma.UART4_TX.0.Instance=DMA1_Stream4
isbadioc=true
